PODS:
  - MagicalRecord (2.1)
  - MigrationViewController (0.0.1):
    - MagicalRecord

DEPENDENCIES:
  - MigrationViewController (from `https://raw.github.com/akuraru/MigrationViewController/master/MigrationViewController.podspec`)

EXTERNAL SOURCES:
  MigrationViewController:
    :podspec: https://raw.github.com/akuraru/MigrationViewController/master/MigrationViewController.podspec

SPEC CHECKSUMS:
  MagicalRecord: 64e7184c240087a45e9588a722eaf05b0ad837f7
  MigrationViewController: 2e4e9613db37373a5f77b1e06c322f4e86962860

COCOAPODS: 0.19.1
